
Microsoft Visual Studio Solution File, Format Version 12.00
# Visual Studio Version 17
VisualStudioVersion = 17.4.33213.308
MinimumVisualStudioVersion = 10.0.40219.1
Project("{8BC9CEB8-8B4A-11D0-8D11-00A0C91BC942}") = "FastXml", "projects\SDK\FastXml.vcxproj", "{6480F3F1-7008-3034-8DF7-BE218941AF64}"
EndProject
Project("{8BC9CEB8-8B4A-11D0-8D11-00A0C91BC942}") = "LowLevel", "projects\SDK\LowLevel.vcxproj", "{0256C1AB-BC03-3AAC-8494-A095F1481640}"
EndProject
Project("{8BC9CEB8-8B4A-11D0-8D11-00A0C91BC942}") = "LowLevelAABB", "projects\SDK\LowLevelAABB.vcxproj", "{FF7AE410-976F-3001-9B82-E342722EF6D5}"
EndProject
Project("{8BC9CEB8-8B4A-11D0-8D11-00A0C91BC942}") = "LowLevelDynamics", "projects\SDK\LowLevelDynamics.vcxproj", "{617F5433-0FA5-38ED-84EA-426C88E883B4}"
EndProject
Project("{8BC9CEB8-8B4A-11D0-8D11-00A0C91BC942}") = "PhysX", "projects\SDK\PhysX.vcxproj", "{1BF0BCE9-5A2B-30DE-BE59-6A816A12F8CB}"
	ProjectSection(ProjectDependencies) = postProject
		{0256C1AB-BC03-3AAC-8494-A095F1481640} = {0256C1AB-BC03-3AAC-8494-A095F1481640}
		{2A7319C7-D932-3C49-8C4E-D120FD740FD8} = {2A7319C7-D932-3C49-8C4E-D120FD740FD8}
		{3A76B3C2-3195-3A0D-92C1-6CF18DDE5D07} = {3A76B3C2-3195-3A0D-92C1-6CF18DDE5D07}
		{617F5433-0FA5-38ED-84EA-426C88E883B4} = {617F5433-0FA5-38ED-84EA-426C88E883B4}
		{81871168-997D-3615-897F-2F8F0CE350C3} = {81871168-997D-3615-897F-2F8F0CE350C3}
		{9C72BBAD-81F9-3376-A46B-7FCAB0D30220} = {9C72BBAD-81F9-3376-A46B-7FCAB0D30220}
		{D4584473-2785-3FAA-8E99-6CEA758F572E} = {D4584473-2785-3FAA-8E99-6CEA758F572E}
		{DA3C24E8-452B-303A-95F6-6438EE6AAE73} = {DA3C24E8-452B-303A-95F6-6438EE6AAE73}
		{FF7AE410-976F-3001-9B82-E342722EF6D5} = {FF7AE410-976F-3001-9B82-E342722EF6D5}
	EndProjectSection
EndProject
Project("{8BC9CEB8-8B4A-11D0-8D11-00A0C91BC942}") = "PhysXCharacterKinematic", "projects\SDK\PhysXCharacterKinematic.vcxproj", "{0D0A8BFA-5F8B-3169-B4B2-A062DBF1D8FF}"
EndProject
Project("{8BC9CEB8-8B4A-11D0-8D11-00A0C91BC942}") = "PhysXCommon", "projects\SDK\PhysXCommon.vcxproj", "{81871168-997D-3615-897F-2F8F0CE350C3}"
	ProjectSection(ProjectDependencies) = postProject
		{9C72BBAD-81F9-3376-A46B-7FCAB0D30220} = {9C72BBAD-81F9-3376-A46B-7FCAB0D30220}
	EndProjectSection
EndProject
Project("{8BC9CEB8-8B4A-11D0-8D11-00A0C91BC942}") = "PhysXCooking", "projects\SDK\PhysXCooking.vcxproj", "{64F7B0FF-DC16-3465-AD1F-09418DF7299C}"
	ProjectSection(ProjectDependencies) = postProject
		{81871168-997D-3615-897F-2F8F0CE350C3} = {81871168-997D-3615-897F-2F8F0CE350C3}
		{9C72BBAD-81F9-3376-A46B-7FCAB0D30220} = {9C72BBAD-81F9-3376-A46B-7FCAB0D30220}
	EndProjectSection
EndProject
Project("{8BC9CEB8-8B4A-11D0-8D11-00A0C91BC942}") = "PhysXExtensions", "projects\SDK\PhysXExtensions.vcxproj", "{7DA26628-8D5A-3FCF-8B74-D09A1DF51AA8}"
	ProjectSection(ProjectDependencies) = postProject
		{1BF0BCE9-5A2B-30DE-BE59-6A816A12F8CB} = {1BF0BCE9-5A2B-30DE-BE59-6A816A12F8CB}
		{6480F3F1-7008-3034-8DF7-BE218941AF64} = {6480F3F1-7008-3034-8DF7-BE218941AF64}
	EndProjectSection
EndProject
Project("{8BC9CEB8-8B4A-11D0-8D11-00A0C91BC942}") = "PhysXFoundation", "projects\SDK\PhysXFoundation.vcxproj", "{9C72BBAD-81F9-3376-A46B-7FCAB0D30220}"
EndProject
Project("{8BC9CEB8-8B4A-11D0-8D11-00A0C91BC942}") = "PhysXPvdSDK", "projects\SDK\PhysXPvdSDK.vcxproj", "{DA3C24E8-452B-303A-95F6-6438EE6AAE73}"
	ProjectSection(ProjectDependencies) = postProject
		{9C72BBAD-81F9-3376-A46B-7FCAB0D30220} = {9C72BBAD-81F9-3376-A46B-7FCAB0D30220}
	EndProjectSection
EndProject
Project("{8BC9CEB8-8B4A-11D0-8D11-00A0C91BC942}") = "PhysXTask", "projects\SDK\PhysXTask.vcxproj", "{D4584473-2785-3FAA-8E99-6CEA758F572E}"
EndProject
Project("{8BC9CEB8-8B4A-11D0-8D11-00A0C91BC942}") = "PhysXVehicle", "projects\SDK\PhysXVehicle.vcxproj", "{93C21B04-FD98-3A25-93C0-533AFF7F0859}"
	ProjectSection(ProjectDependencies) = postProject
		{9C72BBAD-81F9-3376-A46B-7FCAB0D30220} = {9C72BBAD-81F9-3376-A46B-7FCAB0D30220}
		{DA3C24E8-452B-303A-95F6-6438EE6AAE73} = {DA3C24E8-452B-303A-95F6-6438EE6AAE73}
	EndProjectSection
EndProject
Project("{8BC9CEB8-8B4A-11D0-8D11-00A0C91BC942}") = "PhysXVehicle2", "projects\SDK\PhysXVehicle2.vcxproj", "{FDC5A029-C223-3633-AFE9-DBBC8BD34FB6}"
	ProjectSection(ProjectDependencies) = postProject
		{1BF0BCE9-5A2B-30DE-BE59-6A816A12F8CB} = {1BF0BCE9-5A2B-30DE-BE59-6A816A12F8CB}
		{64F7B0FF-DC16-3465-AD1F-09418DF7299C} = {64F7B0FF-DC16-3465-AD1F-09418DF7299C}
		{7DA26628-8D5A-3FCF-8B74-D09A1DF51AA8} = {7DA26628-8D5A-3FCF-8B74-D09A1DF51AA8}
		{81871168-997D-3615-897F-2F8F0CE350C3} = {81871168-997D-3615-897F-2F8F0CE350C3}
		{9C72BBAD-81F9-3376-A46B-7FCAB0D30220} = {9C72BBAD-81F9-3376-A46B-7FCAB0D30220}
		{DA3C24E8-452B-303A-95F6-6438EE6AAE73} = {DA3C24E8-452B-303A-95F6-6438EE6AAE73}
	EndProjectSection
EndProject
Project("{8BC9CEB8-8B4A-11D0-8D11-00A0C91BC942}") = "SceneQuery", "projects\SDK\SceneQuery.vcxproj", "{2A7319C7-D932-3C49-8C4E-D120FD740FD8}"
EndProject
Project("{8BC9CEB8-8B4A-11D0-8D11-00A0C91BC942}") = "SimulationController", "projects\SDK\SimulationController.vcxproj", "{3A76B3C2-3195-3A0D-92C1-6CF18DDE5D07}"
EndProject
Global
	GlobalSection(SolutionConfigurationPlatforms) = preSolution
		checked|x64 = checked|x64
		debug|x64 = debug|x64
		profile|x64 = profile|x64
		release|x64 = release|x64
	EndGlobalSection
	GlobalSection(ProjectConfigurationPlatforms) = postSolution
		{6480F3F1-7008-3034-8DF7-BE218941AF64}.checked|x64.ActiveCfg = checked|x64
		{6480F3F1-7008-3034-8DF7-BE218941AF64}.checked|x64.Build.0 = checked|x64
		{6480F3F1-7008-3034-8DF7-BE218941AF64}.debug|x64.ActiveCfg = debug|x64
		{6480F3F1-7008-3034-8DF7-BE218941AF64}.debug|x64.Build.0 = debug|x64
		{6480F3F1-7008-3034-8DF7-BE218941AF64}.profile|x64.ActiveCfg = profile|x64
		{6480F3F1-7008-3034-8DF7-BE218941AF64}.profile|x64.Build.0 = profile|x64
		{6480F3F1-7008-3034-8DF7-BE218941AF64}.release|x64.ActiveCfg = release|x64
		{6480F3F1-7008-3034-8DF7-BE218941AF64}.release|x64.Build.0 = release|x64
		{0256C1AB-BC03-3AAC-8494-A095F1481640}.checked|x64.ActiveCfg = checked|x64
		{0256C1AB-BC03-3AAC-8494-A095F1481640}.checked|x64.Build.0 = checked|x64
		{0256C1AB-BC03-3AAC-8494-A095F1481640}.debug|x64.ActiveCfg = debug|x64
		{0256C1AB-BC03-3AAC-8494-A095F1481640}.debug|x64.Build.0 = debug|x64
		{0256C1AB-BC03-3AAC-8494-A095F1481640}.profile|x64.ActiveCfg = profile|x64
		{0256C1AB-BC03-3AAC-8494-A095F1481640}.profile|x64.Build.0 = profile|x64
		{0256C1AB-BC03-3AAC-8494-A095F1481640}.release|x64.ActiveCfg = release|x64
		{0256C1AB-BC03-3AAC-8494-A095F1481640}.release|x64.Build.0 = release|x64
		{FF7AE410-976F-3001-9B82-E342722EF6D5}.checked|x64.ActiveCfg = checked|x64
		{FF7AE410-976F-3001-9B82-E342722EF6D5}.checked|x64.Build.0 = checked|x64
		{FF7AE410-976F-3001-9B82-E342722EF6D5}.debug|x64.ActiveCfg = debug|x64
		{FF7AE410-976F-3001-9B82-E342722EF6D5}.debug|x64.Build.0 = debug|x64
		{FF7AE410-976F-3001-9B82-E342722EF6D5}.profile|x64.ActiveCfg = profile|x64
		{FF7AE410-976F-3001-9B82-E342722EF6D5}.profile|x64.Build.0 = profile|x64
		{FF7AE410-976F-3001-9B82-E342722EF6D5}.release|x64.ActiveCfg = release|x64
		{FF7AE410-976F-3001-9B82-E342722EF6D5}.release|x64.Build.0 = release|x64
		{617F5433-0FA5-38ED-84EA-426C88E883B4}.checked|x64.ActiveCfg = checked|x64
		{617F5433-0FA5-38ED-84EA-426C88E883B4}.checked|x64.Build.0 = checked|x64
		{617F5433-0FA5-38ED-84EA-426C88E883B4}.debug|x64.ActiveCfg = debug|x64
		{617F5433-0FA5-38ED-84EA-426C88E883B4}.debug|x64.Build.0 = debug|x64
		{617F5433-0FA5-38ED-84EA-426C88E883B4}.profile|x64.ActiveCfg = profile|x64
		{617F5433-0FA5-38ED-84EA-426C88E883B4}.profile|x64.Build.0 = profile|x64
		{617F5433-0FA5-38ED-84EA-426C88E883B4}.release|x64.ActiveCfg = release|x64
		{617F5433-0FA5-38ED-84EA-426C88E883B4}.release|x64.Build.0 = release|x64
		{1BF0BCE9-5A2B-30DE-BE59-6A816A12F8CB}.checked|x64.ActiveCfg = checked|x64
		{1BF0BCE9-5A2B-30DE-BE59-6A816A12F8CB}.checked|x64.Build.0 = checked|x64
		{1BF0BCE9-5A2B-30DE-BE59-6A816A12F8CB}.debug|x64.ActiveCfg = debug|x64
		{1BF0BCE9-5A2B-30DE-BE59-6A816A12F8CB}.debug|x64.Build.0 = debug|x64
		{1BF0BCE9-5A2B-30DE-BE59-6A816A12F8CB}.profile|x64.ActiveCfg = profile|x64
		{1BF0BCE9-5A2B-30DE-BE59-6A816A12F8CB}.profile|x64.Build.0 = profile|x64
		{1BF0BCE9-5A2B-30DE-BE59-6A816A12F8CB}.release|x64.ActiveCfg = release|x64
		{1BF0BCE9-5A2B-30DE-BE59-6A816A12F8CB}.release|x64.Build.0 = release|x64
		{0D0A8BFA-5F8B-3169-B4B2-A062DBF1D8FF}.checked|x64.ActiveCfg = checked|x64
		{0D0A8BFA-5F8B-3169-B4B2-A062DBF1D8FF}.checked|x64.Build.0 = checked|x64
		{0D0A8BFA-5F8B-3169-B4B2-A062DBF1D8FF}.debug|x64.ActiveCfg = debug|x64
		{0D0A8BFA-5F8B-3169-B4B2-A062DBF1D8FF}.debug|x64.Build.0 = debug|x64
		{0D0A8BFA-5F8B-3169-B4B2-A062DBF1D8FF}.profile|x64.ActiveCfg = profile|x64
		{0D0A8BFA-5F8B-3169-B4B2-A062DBF1D8FF}.profile|x64.Build.0 = profile|x64
		{0D0A8BFA-5F8B-3169-B4B2-A062DBF1D8FF}.release|x64.ActiveCfg = release|x64
		{0D0A8BFA-5F8B-3169-B4B2-A062DBF1D8FF}.release|x64.Build.0 = release|x64
		{81871168-997D-3615-897F-2F8F0CE350C3}.checked|x64.ActiveCfg = checked|x64
		{81871168-997D-3615-897F-2F8F0CE350C3}.checked|x64.Build.0 = checked|x64
		{81871168-997D-3615-897F-2F8F0CE350C3}.debug|x64.ActiveCfg = debug|x64
		{81871168-997D-3615-897F-2F8F0CE350C3}.debug|x64.Build.0 = debug|x64
		{81871168-997D-3615-897F-2F8F0CE350C3}.profile|x64.ActiveCfg = profile|x64
		{81871168-997D-3615-897F-2F8F0CE350C3}.profile|x64.Build.0 = profile|x64
		{81871168-997D-3615-897F-2F8F0CE350C3}.release|x64.ActiveCfg = release|x64
		{81871168-997D-3615-897F-2F8F0CE350C3}.release|x64.Build.0 = release|x64
		{64F7B0FF-DC16-3465-AD1F-09418DF7299C}.checked|x64.ActiveCfg = checked|x64
		{64F7B0FF-DC16-3465-AD1F-09418DF7299C}.checked|x64.Build.0 = checked|x64
		{64F7B0FF-DC16-3465-AD1F-09418DF7299C}.debug|x64.ActiveCfg = debug|x64
		{64F7B0FF-DC16-3465-AD1F-09418DF7299C}.debug|x64.Build.0 = debug|x64
		{64F7B0FF-DC16-3465-AD1F-09418DF7299C}.profile|x64.ActiveCfg = profile|x64
		{64F7B0FF-DC16-3465-AD1F-09418DF7299C}.profile|x64.Build.0 = profile|x64
		{64F7B0FF-DC16-3465-AD1F-09418DF7299C}.release|x64.ActiveCfg = release|x64
		{64F7B0FF-DC16-3465-AD1F-09418DF7299C}.release|x64.Build.0 = release|x64
		{7DA26628-8D5A-3FCF-8B74-D09A1DF51AA8}.checked|x64.ActiveCfg = checked|x64
		{7DA26628-8D5A-3FCF-8B74-D09A1DF51AA8}.checked|x64.Build.0 = checked|x64
		{7DA26628-8D5A-3FCF-8B74-D09A1DF51AA8}.debug|x64.ActiveCfg = debug|x64
		{7DA26628-8D5A-3FCF-8B74-D09A1DF51AA8}.debug|x64.Build.0 = debug|x64
		{7DA26628-8D5A-3FCF-8B74-D09A1DF51AA8}.profile|x64.ActiveCfg = profile|x64
		{7DA26628-8D5A-3FCF-8B74-D09A1DF51AA8}.profile|x64.Build.0 = profile|x64
		{7DA26628-8D5A-3FCF-8B74-D09A1DF51AA8}.release|x64.ActiveCfg = release|x64
		{7DA26628-8D5A-3FCF-8B74-D09A1DF51AA8}.release|x64.Build.0 = release|x64
		{9C72BBAD-81F9-3376-A46B-7FCAB0D30220}.checked|x64.ActiveCfg = checked|x64
		{9C72BBAD-81F9-3376-A46B-7FCAB0D30220}.checked|x64.Build.0 = checked|x64
		{9C72BBAD-81F9-3376-A46B-7FCAB0D30220}.debug|x64.ActiveCfg = debug|x64
		{9C72BBAD-81F9-3376-A46B-7FCAB0D30220}.debug|x64.Build.0 = debug|x64
		{9C72BBAD-81F9-3376-A46B-7FCAB0D30220}.profile|x64.ActiveCfg = profile|x64
		{9C72BBAD-81F9-3376-A46B-7FCAB0D30220}.profile|x64.Build.0 = profile|x64
		{9C72BBAD-81F9-3376-A46B-7FCAB0D30220}.release|x64.ActiveCfg = release|x64
		{9C72BBAD-81F9-3376-A46B-7FCAB0D30220}.release|x64.Build.0 = release|x64
		{DA3C24E8-452B-303A-95F6-6438EE6AAE73}.checked|x64.ActiveCfg = checked|x64
		{DA3C24E8-452B-303A-95F6-6438EE6AAE73}.checked|x64.Build.0 = checked|x64
		{DA3C24E8-452B-303A-95F6-6438EE6AAE73}.debug|x64.ActiveCfg = debug|x64
		{DA3C24E8-452B-303A-95F6-6438EE6AAE73}.debug|x64.Build.0 = debug|x64
		{DA3C24E8-452B-303A-95F6-6438EE6AAE73}.profile|x64.ActiveCfg = profile|x64
		{DA3C24E8-452B-303A-95F6-6438EE6AAE73}.profile|x64.Build.0 = profile|x64
		{DA3C24E8-452B-303A-95F6-6438EE6AAE73}.release|x64.ActiveCfg = release|x64
		{DA3C24E8-452B-303A-95F6-6438EE6AAE73}.release|x64.Build.0 = release|x64
		{D4584473-2785-3FAA-8E99-6CEA758F572E}.checked|x64.ActiveCfg = checked|x64
		{D4584473-2785-3FAA-8E99-6CEA758F572E}.checked|x64.Build.0 = checked|x64
		{D4584473-2785-3FAA-8E99-6CEA758F572E}.debug|x64.ActiveCfg = debug|x64
		{D4584473-2785-3FAA-8E99-6CEA758F572E}.debug|x64.Build.0 = debug|x64
		{D4584473-2785-3FAA-8E99-6CEA758F572E}.profile|x64.ActiveCfg = profile|x64
		{D4584473-2785-3FAA-8E99-6CEA758F572E}.profile|x64.Build.0 = profile|x64
		{D4584473-2785-3FAA-8E99-6CEA758F572E}.release|x64.ActiveCfg = release|x64
		{D4584473-2785-3FAA-8E99-6CEA758F572E}.release|x64.Build.0 = release|x64
		{93C21B04-FD98-3A25-93C0-533AFF7F0859}.checked|x64.ActiveCfg = checked|x64
		{93C21B04-FD98-3A25-93C0-533AFF7F0859}.checked|x64.Build.0 = checked|x64
		{93C21B04-FD98-3A25-93C0-533AFF7F0859}.debug|x64.ActiveCfg = debug|x64
		{93C21B04-FD98-3A25-93C0-533AFF7F0859}.debug|x64.Build.0 = debug|x64
		{93C21B04-FD98-3A25-93C0-533AFF7F0859}.profile|x64.ActiveCfg = profile|x64
		{93C21B04-FD98-3A25-93C0-533AFF7F0859}.profile|x64.Build.0 = profile|x64
		{93C21B04-FD98-3A25-93C0-533AFF7F0859}.release|x64.ActiveCfg = release|x64
		{93C21B04-FD98-3A25-93C0-533AFF7F0859}.release|x64.Build.0 = release|x64
		{FDC5A029-C223-3633-AFE9-DBBC8BD34FB6}.checked|x64.ActiveCfg = checked|x64
		{FDC5A029-C223-3633-AFE9-DBBC8BD34FB6}.checked|x64.Build.0 = checked|x64
		{FDC5A029-C223-3633-AFE9-DBBC8BD34FB6}.debug|x64.ActiveCfg = debug|x64
		{FDC5A029-C223-3633-AFE9-DBBC8BD34FB6}.debug|x64.Build.0 = debug|x64
		{FDC5A029-C223-3633-AFE9-DBBC8BD34FB6}.profile|x64.ActiveCfg = profile|x64
		{FDC5A029-C223-3633-AFE9-DBBC8BD34FB6}.profile|x64.Build.0 = profile|x64
		{FDC5A029-C223-3633-AFE9-DBBC8BD34FB6}.release|x64.ActiveCfg = release|x64
		{FDC5A029-C223-3633-AFE9-DBBC8BD34FB6}.release|x64.Build.0 = release|x64
		{2A7319C7-D932-3C49-8C4E-D120FD740FD8}.checked|x64.ActiveCfg = checked|x64
		{2A7319C7-D932-3C49-8C4E-D120FD740FD8}.checked|x64.Build.0 = checked|x64
		{2A7319C7-D932-3C49-8C4E-D120FD740FD8}.debug|x64.ActiveCfg = debug|x64
		{2A7319C7-D932-3C49-8C4E-D120FD740FD8}.debug|x64.Build.0 = debug|x64
		{2A7319C7-D932-3C49-8C4E-D120FD740FD8}.profile|x64.ActiveCfg = profile|x64
		{2A7319C7-D932-3C49-8C4E-D120FD740FD8}.profile|x64.Build.0 = profile|x64
		{2A7319C7-D932-3C49-8C4E-D120FD740FD8}.release|x64.ActiveCfg = release|x64
		{2A7319C7-D932-3C49-8C4E-D120FD740FD8}.release|x64.Build.0 = release|x64
		{3A76B3C2-3195-3A0D-92C1-6CF18DDE5D07}.checked|x64.ActiveCfg = checked|x64
		{3A76B3C2-3195-3A0D-92C1-6CF18DDE5D07}.checked|x64.Build.0 = checked|x64
		{3A76B3C2-3195-3A0D-92C1-6CF18DDE5D07}.debug|x64.ActiveCfg = debug|x64
		{3A76B3C2-3195-3A0D-92C1-6CF18DDE5D07}.debug|x64.Build.0 = debug|x64
		{3A76B3C2-3195-3A0D-92C1-6CF18DDE5D07}.profile|x64.ActiveCfg = profile|x64
		{3A76B3C2-3195-3A0D-92C1-6CF18DDE5D07}.profile|x64.Build.0 = profile|x64
		{3A76B3C2-3195-3A0D-92C1-6CF18DDE5D07}.release|x64.ActiveCfg = release|x64
		{3A76B3C2-3195-3A0D-92C1-6CF18DDE5D07}.release|x64.Build.0 = release|x64
	EndGlobalSection
	GlobalSection(SolutionProperties) = preSolution
		HideSolutionNode = FALSE
	EndGlobalSection
	GlobalSection(ExtensibilityGlobals) = postSolution
		SolutionGuid = {BE8FC0D2-3026-31DA-95CA-351086254A3A}
	EndGlobalSection
EndGlobal
